
Microsoft Visual Studio Solution File, Format Version 12.00
# Visual Studio Version 17
VisualStudioVersion = 17.13.35806.99 d17.13
MinimumVisualStudioVersion = 10.0.40219.1
Project("{FAE04EC0-301F-11D3-BF4B-00C04F79EFBC}") = "constructionOrgManagement", "constructionOrgManagement\constructionOrgManagement.csproj", "{1A20A560-89CD-4564-A17F-776B21FC67A3}"
EndProject
Global
	GlobalSection(SolutionConfigurationPlatforms) = preSolution
		Debug|Any CPU = Debug|Any CPU
		Release|Any CPU = Release|Any CPU
	EndGlobalSection
	GlobalSection(ProjectConfigurationPlatforms) = postSolution
		{1A20A560-89CD-4564-A17F-776B21FC67A3}.Debug|Any CPU.ActiveCfg = Debug|Any CPU
		{1A20A560-89CD-4564-A17F-776B21FC67A3}.Debug|Any CPU.Build.0 = Debug|Any CPU
		{1A20A560-89CD-4564-A17F-776B21FC67A3}.Release|Any CPU.ActiveCfg = Release|Any CPU
		{1A20A560-89CD-4564-A17F-776B21FC67A3}.Release|Any CPU.Build.0 = Release|Any CPU
	EndGlobalSection
	GlobalSection(SolutionProperties) = preSolution
		HideSolutionNode = FALSE
	EndGlobalSection
	GlobalSection(ExtensibilityGlobals) = postSolution
		SolutionGuid = {83C6BCC6-1EBF-44B8-B228-5381D1774372}
	EndGlobalSection
EndGlobal
